// !$*UTF8*$!
{
	archiveVersion = 1;
	classes = {
	};
	objectVersion = 46;
	objects = {

/* Begin PBXBuildFile section */
		D5BEB5F719438DD4000B6590 /* AppDelegate.swift in Sources */ = {isa = PBXBuildFile; fileRef = D5BEB5F619438DD4000B6590 /* AppDelegate.swift */; };
		D5BEB5F919438DD4000B6590 /* Images.xcassets in Resources */ = {isa = PBXBuildFile; fileRef = D5BEB5F819438DD4000B6590 /* Images.xcassets */; };
		D5BEB60519438DD4000B6590 /* Alarm_ClockTests.swift in Sources */ = {isa = PBXBuildFile; fileRef = D5BEB60419438DD4000B6590 /* Alarm_ClockTests.swift */; };
		D5BEB610194395D0000B6590 /* AlarmViewController.swift in Sources */ = {isa = PBXBuildFile; fileRef = D5BEB60E194395D0000B6590 /* AlarmViewController.swift */; };
		D5BEB611194395D0000B6590 /* AlarmViewController.xib in Resources */ = {isa = PBXBuildFile; fileRef = D5BEB60F194395D0000B6590 /* AlarmViewController.xib */; };
/* End PBXBuildFile section */

/* Begin PBXContainerItemProxy section */
		D5BEB5FF19438DD4000B6590 /* PBXContainerItemProxy */ = {
			isa = PBXContainerItemProxy;
			containerPortal = D5BEB5E919438DD4000B6590 /* Project object */;
			proxyType = 1;
			remoteGlobalIDString = D5BEB5F019438DD4000B6590;
			remoteInfo = "Alarm Clock";
		};
/* End PBXContainerItemProxy section */

/* Begin PBXFileReference section */
		D5BEB5F119438DD4000B6590 /* Alarm Clock.app */ = {isa = PBXFileReference; explicitFileType = wrapper.application; includeInIndex = 0; path = "Alarm Clock.app"; sourceTree = BUILT_PRODUCTS_DIR; };
		D5BEB5F519438DD4000B6590 /* Info.plist */ = {isa = PBXFileReference; lastKnownFileType = text.plist.xml; path = Info.plist; sourceTree = "<group>"; };
		D5BEB5F619438DD4000B6590 /* AppDelegate.swift */ = {isa = PBXFileReference; lastKnownFileType = sourcecode.swift; path = AppDelegate.swift; sourceTree = "<group>"; };
		D5BEB5F819438DD4000B6590 /* Images.xcassets */ = {isa = PBXFileReference; lastKnownFileType = folder.assetcatalog; path = Images.xcassets; sourceTree = "<group>"; };
		D5BEB5FE19438DD4000B6590 /* Alarm ClockTests.xctest */ = {isa = PBXFileReference; explicitFileType = wrapper.cfbundle; includeInIndex = 0; path = "Alarm ClockTests.xctest"; sourceTree = BUILT_PRODUCTS_DIR; };
		D5BEB60319438DD4000B6590 /* Info.plist */ = {isa = PBXFileReference; lastKnownFileType = text.plist.xml; path = Info.plist; sourceTree = "<group>"; };
		D5BEB60419438DD4000B6590 /* Alarm_ClockTests.swift */ = {isa = PBXFileReference; lastKnownFileType = sourcecode.swift; path = Alarm_ClockTests.swift; sourceTree = "<group>"; };
		D5BEB60E194395D0000B6590 /* AlarmViewController.swift */ = {isa = PBXFileReference; fileEncoding = 4; lastKnownFileType = sourcecode.swift; path = AlarmViewController.swift; sourceTree = "<group>"; };
		D5BEB60F194395D0000B6590 /* AlarmViewController.xib */ = {isa = PBXFileReference; fileEncoding = 4; lastKnownFileType = file.xib; path = AlarmViewController.xib; sourceTree = "<group>"; };
/* End PBXFileReference section */

/* Begin PBXFrameworksBuildPhase section */
		D5BEB5EE19438DD4000B6590 /* Frameworks */ = {
			isa = PBXFrameworksBuildPhase;
			buildActionMask = 2147483647;
			files = (
			);
			runOnlyForDeploymentPostprocessing = 0;
		};
		D5BEB5FB19438DD4000B6590 /* Frameworks */ = {
			isa = PBXFrameworksBuildPhase;
			buildActionMask = 2147483647;
			files = (
			);
			runOnlyForDeploymentPostprocessing = 0;
		};
/* End PBXFrameworksBuildPhase section */

/* Begin PBXGroup section */
		D5BEB5E819438DD4000B6590 = {
			isa = PBXGroup;
			children = (
				D5BEB5F319438DD4000B6590 /* Alarm Clock */,
				D5BEB5F219438DD4000B6590 /* Products */,
			);
			sourceTree = "<group>";
		};
		D5BEB5F219438DD4000B6590 /* Products */ = {
			isa = PBXGroup;
			children = (
				D5BEB5F119438DD4000B6590 /* Alarm Clock.app */,
				D5BEB5FE19438DD4000B6590 /* Alarm ClockTests.xctest */,
			);
			name = Products;
			sourceTree = "<group>";
		};
		D5BEB5F319438DD4000B6590 /* Alarm Clock */ = {
			isa = PBXGroup;
			children = (
				D5BEB5F619438DD4000B6590 /* AppDelegate.swift */,
				D5BEB5F819438DD4000B6590 /* Images.xcassets */,
				D5BEB5F419438DD4000B6590 /* Supporting Files */,
				D5BEB60E194395D0000B6590 /* AlarmViewController.swift */,
				D5BEB60F194395D0000B6590 /* AlarmViewController.xib */,
				D5BEB60119438DD4000B6590 /* Alarm ClockTests */,
			);
			path = "Alarm Clock";
			sourceTree = "<group>";
		};
		D5BEB5F419438DD4000B6590 /* Supporting Files */ = {
			isa = PBXGroup;
			children = (
				D5BEB5F519438DD4000B6590 /* Info.plist */,
			);
			name = "Supporting Files";
			sourceTree = "<group>";
		};
		D5BEB60119438DD4000B6590 /* Alarm ClockTests */ = {
			isa = PBXGroup;
			children = (
				D5BEB60419438DD4000B6590 /* Alarm_ClockTests.swift */,
				D5BEB60219438DD4000B6590 /* Supporting Files */,
			);
			path = "Alarm ClockTests";
			sourceTree = SOURCE_ROOT;
		};
		D5BEB60219438DD4000B6590 /* Supporting Files */ = {
			isa = PBXGroup;
			children = (
				D5BEB60319438DD4000B6590 /* Info.plist */,
			);
			name = "Supporting Files";
			sourceTree = "<group>";
		};
/* End PBXGroup section */

/* Begin PBXNativeTarget section */
		D5BEB5F019438DD4000B6590 /* Alarm Clock */ = {
			isa = PBXNativeTarget;
			buildConfigurationList = D5BEB60819438DD4000B6590 /* Build configuration list for PBXNativeTarget "Alarm Clock" */;
			buildPhases = (
				D5BEB5ED19438DD4000B6590 /* Sources */,
				D5BEB5EE19438DD4000B6590 /* Frameworks */,
				D5BEB5EF19438DD4000B6590 /* Resources */,
			);
			buildRules = (
			);
			dependencies = (
			);
			name = "Alarm Clock";
			productName = "Alarm Clock";
			productReference = D5BEB5F119438DD4000B6590 /* Alarm Clock.app */;
			productType = "com.apple.product-type.application";
		};
		D5BEB5FD19438DD4000B6590 /* Alarm ClockTests */ = {
			isa = PBXNativeTarget;
			buildConfigurationList = D5BEB60B19438DD4000B6590 /* Build configuration list for PBXNativeTarget "Alarm ClockTests" */;
			buildPhases = (
				D5BEB5FA19438DD4000B6590 /* Sources */,
				D5BEB5FB19438DD4000B6590 /* Frameworks */,
				D5BEB5FC19438DD4000B6590 /* Resources */,
			);
			buildRules = (
			);
			dependencies = (
				D5BEB60019438DD4000B6590 /* PBXTargetDependency */,
			);
			name = "Alarm ClockTests";
			productName = "Alarm ClockTests";
			productReference = D5BEB5FE19438DD4000B6590 /* Alarm ClockTests.xctest */;
			productType = "com.apple.product-type.bundle.unit-test";
		};
/* End PBXNativeTarget section */

/* Begin PBXProject section */
		D5BEB5E919438DD4000B6590 /* Project object */ = {
			isa = PBXProject;
			attributes = {
				LastUpgradeCheck = 0600;
				ORGANIZATIONNAME = alex;
				TargetAttributes = {
					D5BEB5F019438DD4000B6590 = {
						CreatedOnToolsVersion = 6.0;
						DevelopmentTeam = ZK7NJYBQDW;
					};
					D5BEB5FD19438DD4000B6590 = {
						CreatedOnToolsVersion = 6.0;
						TestTargetID = D5BEB5F019438DD4000B6590;
					};
				};
			};
			buildConfigurationList = D5BEB5EC19438DD4000B6590 /* Build configuration list for PBXProject "Alarm Clock" */;
			compatibilityVersion = "Xcode 3.2";
			developmentRegion = English;
			hasScannedForEncodings = 0;
			knownRegions = (
				en,
			);
			mainGroup = D5BEB5E819438DD4000B6590;
			productRefGroup = D5BEB5F219438DD4000B6590 /* Products */;
			projectDirPath = "";
			projectRoot = "";
			targets = (
				D5BEB5F019438DD4000B6590 /* Alarm Clock */,
				D5BEB5FD19438DD4000B6590 /* Alarm ClockTests */,
			);
		};
/* End PBXProject section */

/* Begin PBXResourcesBuildPhase section */
		D5BEB5EF19438DD4000B6590 /* Resources */ = {
			isa = PBXResourcesBuildPhase;
			buildActionMask = 2147483647;
			files = (
				D5BEB611194395D0000B6590 /* AlarmViewController.xib in Resources */,
				D5BEB5F919438DD4000B6590 /* Images.xcassets in Resources */,
			);
			runOnlyForDeploymentPostprocessing = 0;
		};
		D5BEB5FC19438DD4000B6590 /* Resources */ = {
			isa = PBXResourcesBuildPhase;
			buildActionMask = 2147483647;
			files = (
			);
			runOnlyForDeploymentPostprocessing = 0;
		};
/* End PBXResourcesBuildPhase section */

/* Begin PBXSourcesBuildPhase section */
		D5BEB5ED19438DD4000B6590 /* Sources */ = {
			isa = PBXSourcesBuildPhase;
			buildActionMask = 2147483647;
			files = (
				D5BEB610194395D0000B6590 /* AlarmViewController.swift in Sources */,
				D5BEB5F719438DD4000B6590 /* AppDelegate.swift in Sources */,
			);
			runOnlyForDeploymentPostprocessing = 0;
		};
		D5BEB5FA19438DD4000B6590 /* Sources */ = {
			isa = PBXSourcesBuildPhase;
			buildActionMask = 2147483647;
			files = (
				D5BEB60519438DD4000B6590 /* Alarm_ClockTests.swift in Sources */,
			);
			runOnlyForDeploymentPostprocessing = 0;
		};
/* End PBXSourcesBuildPhase section */

/* Begin PBXTargetDependency section */
		D5BEB60019438DD4000B6590 /* PBXTargetDependency */ = {
			isa = PBXTargetDependency;
			target = D5BEB5F019438DD4000B6590 /* Alarm Clock */;
			targetProxy = D5BEB5FF19438DD4000B6590 /* PBXContainerItemProxy */;
		};
/* End PBXTargetDependency section */

/* Begin XCBuildConfiguration section */
		D5BEB60619438DD4000B6590 /* Debug */ = {
			isa = XCBuildConfiguration;
			buildSettings = {
				ALWAYS_SEARCH_USER_PATHS = NO;
				CLANG_CXX_LANGUAGE_STANDARD = "gnu++0x";
				CLANG_CXX_LIBRARY = "libc++";
				CLANG_ENABLE_MODULES = YES;
				CLANG_ENABLE_OBJC_ARC = YES;
				CLANG_WARN_BOOL_CONVERSION = YES;
				CLANG_WARN_CONSTANT_CONVERSION = YES;
				CLANG_WARN_DIRECT_OBJC_ISA_USAGE = YES_ERROR;
				CLANG_WARN_EMPTY_BODY = YES;
				CLANG_WARN_ENUM_CONVERSION = YES;
				CLANG_WARN_INT_CONVERSION = YES;
				CLANG_WARN_OBJC_ROOT_CLASS = YES_ERROR;
				CLANG_WARN_UNREACHABLE_CODE = YES;
				CLANG_WARN__DUPLICATE_METHOD_MATCH = YES;
				"CODE_SIGN_IDENTITY[sdk=iphoneos*]" = "iPhone Developer";
				COPY_PHASE_STRIP = NO;
				ENABLE_STRICT_OBJC_MSGSEND = YES;
				GCC_C_LANGUAGE_STANDARD = gnu99;
				GCC_DYNAMIC_NO_PIC = NO;
				GCC_OPTIMIZATION_LEVEL = 0;
				GCC_PREPROCESSOR_DEFINITIONS = (
					"DEBUG=1",
					"$(inherited)",
				);
				GCC_SYMBOLS_PRIVATE_EXTERN = NO;
				GCC_WARN_64_TO_32_BIT_CONVERSION = YES;
				GCC_WARN_ABOUT_RETURN_TYPE = YES_ERROR;
				GCC_WARN_UNDECLARED_SELECTOR = YES;
				GCC_WARN_UNINITIALIZED_AUTOS = YES_AGGRESSIVE;
				GCC_WARN_UNUSED_FUNCTION = YES;
				GCC_WARN_UNUSED_VARIABLE = YES;
				IPHONEOS_DEPLOYMENT_TARGET = 8.0;
				METAL_ENABLE_DEBUG_INFO = YES;
				ONLY_ACTIVE_ARCH = YES;
				SDKROOT = iphoneos;
				SWIFT_OPTIMIZATION_LEVEL = "-Onone";
				TARGETED_DEVICE_FAMILY = "1,2";
			};
			name = Debug;
		};
		D5BEB60719438DD4000B6590 /* Release */ = {
			isa = XCBuildConfiguration;
			buildSettings = {
				ALWAYS_SEARCH_USER_PATHS = NO;
				CLANG_CXX_LANGUAGE_STANDARD = "gnu++0x";
				CLANG_CXX_LIBRARY = "libc++";
				CLANG_ENABLE_MODULES = YES;
				CLANG_ENABLE_OBJC_ARC = YES;
				CLANG_WARN_BOOL_CONVERSION = YES;
				CLANG_WARN_CONSTANT_CONVERSION = YES;
				CLANG_WARN_DIRECT_OBJC_ISA_USAGE = YES_ERROR;
				CLANG_WARN_EMPTY_BODY = YES;
				CLANG_WARN_ENUM_CONVERSION = YES;
				CLANG_WARN_INT_CONVERSION = YES;
				CLANG_WARN_OBJC_ROOT_CLASS = YES_ERROR;
				CLANG_WARN_UNREACHABLE_CODE = YES;
				CLANG_WARN__DUPLICATE_METHOD_MATCH = YES;
				"CODE_SIGN_IDENTITY[sdk=iphoneos*]" = "iPhone Developer";
				COPY_PHASE_STRIP = YES;
				ENABLE_NS_ASSERTIONS = NO;
				ENABLE_STRICT_OBJC_MSGSEND = YES;
				GCC_C_LANGUAGE_STANDARD = gnu99;
				GCC_WARN_64_TO_32_BIT_CONVERSION = YES;
				GCC_WARN_ABOUT_RETURN_TYPE = YES_ERROR;
				GCC_WARN_UNDECLARED_SELECTOR = YES;
				GCC_WARN_UNINITIALIZED_AUTOS = YES_AGGRESSIVE;
				GCC_WARN_UNUSED_FUNCTION = YES;
				GCC_WARN_UNUSED_VARIABLE = YES;
				IPHONEOS_DEPLOYMENT_TARGET = 8.0;
				METAL_ENABLE_DEBUG_INFO = NO;
				SDKROOT = iphoneos;
				TARGETED_DEVICE_FAMILY = "1,2";
				VALIDATE_PRODUCT = YES;
			};
			name = Release;
		};
		D5BEB60919438DD4000B6590 /* Debug */ = {
			isa = XCBuildConfiguration;
			buildSettings = {
				ASSETCATALOG_COMPILER_APPICON_NAME = AppIcon;
				ASSETCATALOG_COMPILER_LAUNCHIMAGE_NAME = LaunchImage;
				INFOPLIST_FILE = "Alarm Clock/Info.plist";
				LD_RUNPATH_SEARCH_PATHS = "$(inherited) @executable_path/Frameworks";
				PRODUCT_NAME = "$(TARGET_NAME)";
			};
			name = Debug;
		};
		D5BEB60A19438DD4000B6590 /* Release */ = {
			isa = XCBuildConfiguration;
			buildSettings = {
				ASSETCATALOG_COMPILER_APPICON_NAME = AppIcon;
				ASSETCATALOG_COMPILER_LAUNCHIMAGE_NAME = LaunchImage;
				INFOPLIST_FILE = "Alarm Clock/Info.plist";
				LD_RUNPATH_SEARCH_PATHS = "$(inherited) @executable_path/Frameworks";
				PRODUCT_NAME = "$(TARGET_NAME)";
			};
			name = Release;
		};
		D5BEB60C19438DD4000B6590 /* Debug */ = {
			isa = XCBuildConfiguration;
			buildSettings = {
				BUNDLE_LOADER = "$(BUILT_PRODUCTS_DIR)/Alarm Clock.app/Alarm Clock";
				FRAMEWORK_SEARCH_PATHS = (
					"$(SDKROOT)/Developer/Library/Frameworks",
					"$(inherited)",
				);
				GCC_PREPROCESSOR_DEFINITIONS = (
					"DEBUG=1",
					"$(inherited)",
				);
				INFOPLIST_FILE = "Alarm ClockTests/Info.plist";
				LD_RUNPATH_SEARCH_PATHS = "$(inherited) @executable_path/Frameworks @loader_path/Frameworks";
				METAL_ENABLE_DEBUG_INFO = YES;
				PRODUCT_NAME = "$(TARGET_NAME)";
				TEST_HOST = "$(BUNDLE_LOADER)";
			};
			name = Debug;
		};
		D5BEB60D19438DD4000B6590 /* Release */ = {
			isa = XCBuildConfiguration;
			buildSettings = {
				BUNDLE_LOADER = "$(BUILT_PRODUCTS_DIR)/Alarm Clock.app/Alarm Clock";
				FRAMEWORK_SEARCH_PATHS = (
					"$(SDKROOT)/Developer/Library/Frameworks",
					"$(inherited)",
				);
				INFOPLIST_FILE = "Alarm ClockTests/Info.plist";
				LD_RUNPATH_SEARCH_PATHS = "$(inherited) @executable_path/Frameworks @loader_path/Frameworks";
				METAL_ENABLE_DEBUG_INFO = NO;
				PRODUCT_NAME = "$(TARGET_NAME)";
				TEST_HOST = "$(BUNDLE_LOADER)";
			};
			name = Release;
		};
/* End XCBuildConfiguration section */

/* Begin XCConfigurationList section */
		D5BEB5EC19438DD4000B6590 /* Build configuration list for PBXProject "Alarm Clock" */ = {
			isa = XCConfigurationList;
			buildConfigurations = (
				D5BEB60619438DD4000B6590 /* Debug */,
				D5BEB60719438DD4000B6590 /* Release */,
			);
			defaultConfigurationIsVisible = 0;
			defaultConfigurationName = Release;
		};
		D5BEB60819438DD4000B6590 /* Build configuration list for PBXNativeTarget "Alarm Clock" */ = {
			isa = XCConfigurationList;
			buildConfigurations = (
				D5BEB60919438DD4000B6590 /* Debug */,
				D5BEB60A19438DD4000B6590 /* Release */,
			);
			defaultConfigurationIsVisible = 0;
			defaultConfigurationName = Release;
		};
		D5BEB60B19438DD4000B6590 /* Build configuration list for PBXNativeTarget "Alarm ClockTests" */ = {
			isa = XCConfigurationList;
			buildConfigurations = (
				D5BEB60C19438DD4000B6590 /* Debug */,
				D5BEB60D19438DD4000B6590 /* Release */,
			);
			defaultConfigurationIsVisible = 0;
			defaultConfigurationName = Release;
		};
/* End XCConfigurationList section */
	};
	rootObject = D5BEB5E919438DD4000B6590 /* Project object */;
}
